
Microsoft Visual Studio Solution File, Format Version 12.00
# Visual Studio Version 17
VisualStudioVersion = 17.0.31903.59
MinimumVisualStudioVersion = 10.0.40219.1
Project("{2150E333-8FDC-42A3-9474-1A3956D46DE8}") = "src", "src", "{0C4EC05B-5E69-40CB-BFA6-134D942EBC48}"
EndProject
Project("{2150E333-8FDC-42A3-9474-1A3956D46DE8}") = "BuildingBlocks", "BuildingBlocks", "{047AB90D-0A8A-4A03-9E5C-4B498EDB0793}"
EndProject
Project("{2150E333-8FDC-42A3-9474-1A3956D46DE8}") = "BuildingBlocks", "BuildingBlocks", "{7A564CF0-ADA9-40B9-AFF6-D7D0F34DFAB7}"
EndProject
Project("{FAE04EC0-301F-11D3-BF4B-00C04F79EFBC}") = "API", "src\BuildingBlocks\BuildingBlocks\API\API.csproj", "{71DCEF1C-933F-4C57-9FC6-FC48B39B0567}"
EndProject
Project("{FAE04EC0-301F-11D3-BF4B-00C04F79EFBC}") = "Application", "src\BuildingBlocks\BuildingBlocks\Application\Application.csproj", "{E0192ECB-CEE0-4FFE-A8D3-67F33B2682E2}"
EndProject
Project("{FAE04EC0-301F-11D3-BF4B-00C04F79EFBC}") = "Domain", "src\BuildingBlocks\BuildingBlocks\Domain\Domain.csproj", "{7F78BD50-37CE-49BF-A715-9BF6065335B5}"
EndProject
Project("{FAE04EC0-301F-11D3-BF4B-00C04F79EFBC}") = "Infrastructure", "src\BuildingBlocks\BuildingBlocks\Infrastructure\Infrastructure.csproj", "{AE7110BB-0502-482A-B65F-65E440EECF7F}"
EndProject
Project("{FAE04EC0-301F-11D3-BF4B-00C04F79EFBC}") = "EventBus", "src\BuildingBlocks\EventBus\EventBus.csproj", "{CA6C337F-4D6A-4678-8367-4815BB9F1A65}"
EndProject
Project("{FAE04EC0-301F-11D3-BF4B-00C04F79EFBC}") = "Healthchecks", "src\BuildingBlocks\Healthchecks\Healthchecks.csproj", "{859A1CAD-C478-495E-99A5-65DA13A0F700}"
EndProject
Project("{2150E333-8FDC-42A3-9474-1A3956D46DE8}") = "Web", "Web", "{1B9CCD13-9559-4E5C-9FAA-7275A83A056C}"
EndProject
Project("{FAE04EC0-301F-11D3-BF4B-00C04F79EFBC}") = "Webstatus", "src\Web\Webstatus\Webstatus.csproj", "{8C7AEEA4-18C8-4957-8A08-8F63ED5FD710}"
EndProject
Project("{2150E333-8FDC-42A3-9474-1A3956D46DE8}") = "Services", "Services", "{4EAF7121-E9A5-4EE7-937F-D10604CCD22C}"
EndProject
Project("{2150E333-8FDC-42A3-9474-1A3956D46DE8}") = "Fetch", "Fetch", "{2B4D46E7-77C2-43BE-B4BB-EFA6094C248B}"
EndProject
Project("{FAE04EC0-301F-11D3-BF4B-00C04F79EFBC}") = "Fetch.API", "src\Services\Fetch\Fetch.API\Fetch.API.csproj", "{5DCA78F7-A55F-483E-84DC-2F26F869DF14}"
EndProject
Project("{FAE04EC0-301F-11D3-BF4B-00C04F79EFBC}") = "Fetch.Application", "src\Services\Fetch\Fetch.Application\Fetch.Application.csproj", "{B741CA69-786B-4906-9E1C-C5684AF50213}"
EndProject
Project("{FAE04EC0-301F-11D3-BF4B-00C04F79EFBC}") = "Fetch.Domain", "src\Services\Fetch\Fetch.Domain\Fetch.Domain.csproj", "{218969FF-2749-42B0-AC4F-BF622E4F15C6}"
EndProject
Project("{FAE04EC0-301F-11D3-BF4B-00C04F79EFBC}") = "Fetch.Infrastructure", "src\Services\Fetch\Fetch.Infrastructure\Fetch.Infrastructure.csproj", "{A72ADFF7-019F-47F5-A892-38692F28E142}"
EndProject
Project("{2150E333-8FDC-42A3-9474-1A3956D46DE8}") = "FakeFetch", "FakeFetch", "{C6FB4777-42B7-438F-AF78-F9C3349057BB}"
EndProject
Project("{FAE04EC0-301F-11D3-BF4B-00C04F79EFBC}") = "FakeFetch.API", "src\Services\FakeFetch\FakeFetch.API\FakeFetch.API.csproj", "{AA1F94B3-B19B-45A7-A0DA-26BCC76FE336}"
EndProject
Project("{FAE04EC0-301F-11D3-BF4B-00C04F79EFBC}") = "FakeFetch.Application", "src\Services\FakeFetch\FakeFetch.Application\FakeFetch.Application.csproj", "{4120880A-33C9-47AD-9B96-C9E4767121C5}"
EndProject
Project("{FAE04EC0-301F-11D3-BF4B-00C04F79EFBC}") = "FakeFetch.Domain", "src\Services\FakeFetch\FakeFetch.Domain\FakeFetch.Domain.csproj", "{61C7827C-BFA6-4434-93DA-8A9D626BB483}"
EndProject
Project("{FAE04EC0-301F-11D3-BF4B-00C04F79EFBC}") = "FakeFetch.Infrastructure", "src\Services\FakeFetch\FakeFetch.Infrastructure\FakeFetch.Infrastructure.csproj", "{232B63F9-8813-40A2-8B7E-4BB85FA14AD6}"
EndProject
Project("{2150E333-8FDC-42A3-9474-1A3956D46DE8}") = "Process", "Process", "{A9C0D51D-F553-4D78-978B-B880572CA6CB}"
EndProject
Project("{FAE04EC0-301F-11D3-BF4B-00C04F79EFBC}") = "Process.API", "src\Services\Process\Process.API\Process.API.csproj", "{E48C065D-E8A3-4898-8D0F-7A112E245B7F}"
EndProject
Project("{FAE04EC0-301F-11D3-BF4B-00C04F79EFBC}") = "Process.Application", "src\Services\Process\Process.Application\Process.Application.csproj", "{47B7376A-207F-459D-A393-2297C985D3D3}"
EndProject
Project("{FAE04EC0-301F-11D3-BF4B-00C04F79EFBC}") = "Process.Domain", "src\Services\Process\Process.Domain\Process.Domain.csproj", "{185152A8-BF38-461B-BDE2-03AA4915F174}"
EndProject
Project("{2150E333-8FDC-42A3-9474-1A3956D46DE8}") = "Send", "Send", "{E3CEA5C1-58CD-4CD6-A182-B0989F342259}"
EndProject
Project("{FAE04EC0-301F-11D3-BF4B-00C04F79EFBC}") = "Send.API", "src\Services\Send\Send.API\Send.API.csproj", "{6D5373C9-9231-467D-A7B9-FC5A7A87BF9E}"
EndProject
Project("{FAE04EC0-301F-11D3-BF4B-00C04F79EFBC}") = "Send.Application", "src\Services\Send\Send.Application\Send.Application.csproj", "{D87692F5-F94D-48B1-8C49-FEF4D23E497E}"
EndProject
Project("{FAE04EC0-301F-11D3-BF4B-00C04F79EFBC}") = "Send.Domain", "src\Services\Send\Send.Domain\Send.Domain.csproj", "{E9422A46-F827-4882-9A9F-E791E8159A7A}"
EndProject
Project("{FAE04EC0-301F-11D3-BF4B-00C04F79EFBC}") = "Send.Infrastructure", "src\Services\Send\Send.Infrastructure\Send.Infrastructure.csproj", "{F257A56B-C8FB-4F1E-847E-43ED7369FE39}"
EndProject
Project("{FAE04EC0-301F-11D3-BF4B-00C04F79EFBC}") = "tests", "src\Services\Process\tests\tests.csproj", "{CDCF95A3-DD90-4BF0-888A-E2296EBACB97}"
EndProject
Project("{FAE04EC0-301F-11D3-BF4B-00C04F79EFBC}") = "tests", "src\Services\Send\tests\tests.csproj", "{1FF5C75F-3018-4A21-AA2E-49B0B2B7126B}"
EndProject
Global
	GlobalSection(SolutionConfigurationPlatforms) = preSolution
		Debug|Any CPU = Debug|Any CPU
		Release|Any CPU = Release|Any CPU
	EndGlobalSection
	GlobalSection(SolutionProperties) = preSolution
		HideSolutionNode = FALSE
	EndGlobalSection
	GlobalSection(ProjectConfigurationPlatforms) = postSolution
		{71DCEF1C-933F-4C57-9FC6-FC48B39B0567}.Debug|Any CPU.ActiveCfg = Debug|Any CPU
		{71DCEF1C-933F-4C57-9FC6-FC48B39B0567}.Debug|Any CPU.Build.0 = Debug|Any CPU
		{71DCEF1C-933F-4C57-9FC6-FC48B39B0567}.Release|Any CPU.ActiveCfg = Release|Any CPU
		{71DCEF1C-933F-4C57-9FC6-FC48B39B0567}.Release|Any CPU.Build.0 = Release|Any CPU
		{E0192ECB-CEE0-4FFE-A8D3-67F33B2682E2}.Debug|Any CPU.ActiveCfg = Debug|Any CPU
		{E0192ECB-CEE0-4FFE-A8D3-67F33B2682E2}.Debug|Any CPU.Build.0 = Debug|Any CPU
		{E0192ECB-CEE0-4FFE-A8D3-67F33B2682E2}.Release|Any CPU.ActiveCfg = Release|Any CPU
		{E0192ECB-CEE0-4FFE-A8D3-67F33B2682E2}.Release|Any CPU.Build.0 = Release|Any CPU
		{7F78BD50-37CE-49BF-A715-9BF6065335B5}.Debug|Any CPU.ActiveCfg = Debug|Any CPU
		{7F78BD50-37CE-49BF-A715-9BF6065335B5}.Debug|Any CPU.Build.0 = Debug|Any CPU
		{7F78BD50-37CE-49BF-A715-9BF6065335B5}.Release|Any CPU.ActiveCfg = Release|Any CPU
		{7F78BD50-37CE-49BF-A715-9BF6065335B5}.Release|Any CPU.Build.0 = Release|Any CPU
		{AE7110BB-0502-482A-B65F-65E440EECF7F}.Debug|Any CPU.ActiveCfg = Debug|Any CPU
		{AE7110BB-0502-482A-B65F-65E440EECF7F}.Debug|Any CPU.Build.0 = Debug|Any CPU
		{AE7110BB-0502-482A-B65F-65E440EECF7F}.Release|Any CPU.ActiveCfg = Release|Any CPU
		{AE7110BB-0502-482A-B65F-65E440EECF7F}.Release|Any CPU.Build.0 = Release|Any CPU
		{CA6C337F-4D6A-4678-8367-4815BB9F1A65}.Debug|Any CPU.ActiveCfg = Debug|Any CPU
		{CA6C337F-4D6A-4678-8367-4815BB9F1A65}.Debug|Any CPU.Build.0 = Debug|Any CPU
		{CA6C337F-4D6A-4678-8367-4815BB9F1A65}.Release|Any CPU.ActiveCfg = Release|Any CPU
		{CA6C337F-4D6A-4678-8367-4815BB9F1A65}.Release|Any CPU.Build.0 = Release|Any CPU
		{859A1CAD-C478-495E-99A5-65DA13A0F700}.Debug|Any CPU.ActiveCfg = Debug|Any CPU
		{859A1CAD-C478-495E-99A5-65DA13A0F700}.Debug|Any CPU.Build.0 = Debug|Any CPU
		{859A1CAD-C478-495E-99A5-65DA13A0F700}.Release|Any CPU.ActiveCfg = Release|Any CPU
		{859A1CAD-C478-495E-99A5-65DA13A0F700}.Release|Any CPU.Build.0 = Release|Any CPU
		{8C7AEEA4-18C8-4957-8A08-8F63ED5FD710}.Debug|Any CPU.ActiveCfg = Debug|Any CPU
		{8C7AEEA4-18C8-4957-8A08-8F63ED5FD710}.Debug|Any CPU.Build.0 = Debug|Any CPU
		{8C7AEEA4-18C8-4957-8A08-8F63ED5FD710}.Release|Any CPU.ActiveCfg = Release|Any CPU
		{8C7AEEA4-18C8-4957-8A08-8F63ED5FD710}.Release|Any CPU.Build.0 = Release|Any CPU
		{5DCA78F7-A55F-483E-84DC-2F26F869DF14}.Debug|Any CPU.ActiveCfg = Debug|Any CPU
		{5DCA78F7-A55F-483E-84DC-2F26F869DF14}.Debug|Any CPU.Build.0 = Debug|Any CPU
		{5DCA78F7-A55F-483E-84DC-2F26F869DF14}.Release|Any CPU.ActiveCfg = Release|Any CPU
		{5DCA78F7-A55F-483E-84DC-2F26F869DF14}.Release|Any CPU.Build.0 = Release|Any CPU
		{B741CA69-786B-4906-9E1C-C5684AF50213}.Debug|Any CPU.ActiveCfg = Debug|Any CPU
		{B741CA69-786B-4906-9E1C-C5684AF50213}.Debug|Any CPU.Build.0 = Debug|Any CPU
		{B741CA69-786B-4906-9E1C-C5684AF50213}.Release|Any CPU.ActiveCfg = Release|Any CPU
		{B741CA69-786B-4906-9E1C-C5684AF50213}.Release|Any CPU.Build.0 = Release|Any CPU
		{218969FF-2749-42B0-AC4F-BF622E4F15C6}.Debug|Any CPU.ActiveCfg = Debug|Any CPU
		{218969FF-2749-42B0-AC4F-BF622E4F15C6}.Debug|Any CPU.Build.0 = Debug|Any CPU
		{218969FF-2749-42B0-AC4F-BF622E4F15C6}.Release|Any CPU.ActiveCfg = Release|Any CPU
		{218969FF-2749-42B0-AC4F-BF622E4F15C6}.Release|Any CPU.Build.0 = Release|Any CPU
		{A72ADFF7-019F-47F5-A892-38692F28E142}.Debug|Any CPU.ActiveCfg = Debug|Any CPU
		{A72ADFF7-019F-47F5-A892-38692F28E142}.Debug|Any CPU.Build.0 = Debug|Any CPU
		{A72ADFF7-019F-47F5-A892-38692F28E142}.Release|Any CPU.ActiveCfg = Release|Any CPU
		{A72ADFF7-019F-47F5-A892-38692F28E142}.Release|Any CPU.Build.0 = Release|Any CPU
		{AA1F94B3-B19B-45A7-A0DA-26BCC76FE336}.Debug|Any CPU.ActiveCfg = Debug|Any CPU
		{AA1F94B3-B19B-45A7-A0DA-26BCC76FE336}.Debug|Any CPU.Build.0 = Debug|Any CPU
		{AA1F94B3-B19B-45A7-A0DA-26BCC76FE336}.Release|Any CPU.ActiveCfg = Release|Any CPU
		{AA1F94B3-B19B-45A7-A0DA-26BCC76FE336}.Release|Any CPU.Build.0 = Release|Any CPU
		{4120880A-33C9-47AD-9B96-C9E4767121C5}.Debug|Any CPU.ActiveCfg = Debug|Any CPU
		{4120880A-33C9-47AD-9B96-C9E4767121C5}.Debug|Any CPU.Build.0 = Debug|Any CPU
		{4120880A-33C9-47AD-9B96-C9E4767121C5}.Release|Any CPU.ActiveCfg = Release|Any CPU
		{4120880A-33C9-47AD-9B96-C9E4767121C5}.Release|Any CPU.Build.0 = Release|Any CPU
		{61C7827C-BFA6-4434-93DA-8A9D626BB483}.Debug|Any CPU.ActiveCfg = Debug|Any CPU
		{61C7827C-BFA6-4434-93DA-8A9D626BB483}.Debug|Any CPU.Build.0 = Debug|Any CPU
		{61C7827C-BFA6-4434-93DA-8A9D626BB483}.Release|Any CPU.ActiveCfg = Release|Any CPU
		{61C7827C-BFA6-4434-93DA-8A9D626BB483}.Release|Any CPU.Build.0 = Release|Any CPU
		{232B63F9-8813-40A2-8B7E-4BB85FA14AD6}.Debug|Any CPU.ActiveCfg = Debug|Any CPU
		{232B63F9-8813-40A2-8B7E-4BB85FA14AD6}.Debug|Any CPU.Build.0 = Debug|Any CPU
		{232B63F9-8813-40A2-8B7E-4BB85FA14AD6}.Release|Any CPU.ActiveCfg = Release|Any CPU
		{232B63F9-8813-40A2-8B7E-4BB85FA14AD6}.Release|Any CPU.Build.0 = Release|Any CPU
		{E48C065D-E8A3-4898-8D0F-7A112E245B7F}.Debug|Any CPU.ActiveCfg = Debug|Any CPU
		{E48C065D-E8A3-4898-8D0F-7A112E245B7F}.Debug|Any CPU.Build.0 = Debug|Any CPU
		{E48C065D-E8A3-4898-8D0F-7A112E245B7F}.Release|Any CPU.ActiveCfg = Release|Any CPU
		{E48C065D-E8A3-4898-8D0F-7A112E245B7F}.Release|Any CPU.Build.0 = Release|Any CPU
		{47B7376A-207F-459D-A393-2297C985D3D3}.Debug|Any CPU.ActiveCfg = Debug|Any CPU
		{47B7376A-207F-459D-A393-2297C985D3D3}.Debug|Any CPU.Build.0 = Debug|Any CPU
		{47B7376A-207F-459D-A393-2297C985D3D3}.Release|Any CPU.ActiveCfg = Release|Any CPU
		{47B7376A-207F-459D-A393-2297C985D3D3}.Release|Any CPU.Build.0 = Release|Any CPU
		{185152A8-BF38-461B-BDE2-03AA4915F174}.Debug|Any CPU.ActiveCfg = Debug|Any CPU
		{185152A8-BF38-461B-BDE2-03AA4915F174}.Debug|Any CPU.Build.0 = Debug|Any CPU
		{185152A8-BF38-461B-BDE2-03AA4915F174}.Release|Any CPU.ActiveCfg = Release|Any CPU
		{185152A8-BF38-461B-BDE2-03AA4915F174}.Release|Any CPU.Build.0 = Release|Any CPU
		{6D5373C9-9231-467D-A7B9-FC5A7A87BF9E}.Debug|Any CPU.ActiveCfg = Debug|Any CPU
		{6D5373C9-9231-467D-A7B9-FC5A7A87BF9E}.Debug|Any CPU.Build.0 = Debug|Any CPU
		{6D5373C9-9231-467D-A7B9-FC5A7A87BF9E}.Release|Any CPU.ActiveCfg = Release|Any CPU
		{6D5373C9-9231-467D-A7B9-FC5A7A87BF9E}.Release|Any CPU.Build.0 = Release|Any CPU
		{D87692F5-F94D-48B1-8C49-FEF4D23E497E}.Debug|Any CPU.ActiveCfg = Debug|Any CPU
		{D87692F5-F94D-48B1-8C49-FEF4D23E497E}.Debug|Any CPU.Build.0 = Debug|Any CPU
		{D87692F5-F94D-48B1-8C49-FEF4D23E497E}.Release|Any CPU.ActiveCfg = Release|Any CPU
		{D87692F5-F94D-48B1-8C49-FEF4D23E497E}.Release|Any CPU.Build.0 = Release|Any CPU
		{E9422A46-F827-4882-9A9F-E791E8159A7A}.Debug|Any CPU.ActiveCfg = Debug|Any CPU
		{E9422A46-F827-4882-9A9F-E791E8159A7A}.Debug|Any CPU.Build.0 = Debug|Any CPU
		{E9422A46-F827-4882-9A9F-E791E8159A7A}.Release|Any CPU.ActiveCfg = Release|Any CPU
		{E9422A46-F827-4882-9A9F-E791E8159A7A}.Release|Any CPU.Build.0 = Release|Any CPU
		{F257A56B-C8FB-4F1E-847E-43ED7369FE39}.Debug|Any CPU.ActiveCfg = Debug|Any CPU
		{F257A56B-C8FB-4F1E-847E-43ED7369FE39}.Debug|Any CPU.Build.0 = Debug|Any CPU
		{F257A56B-C8FB-4F1E-847E-43ED7369FE39}.Release|Any CPU.ActiveCfg = Release|Any CPU
		{F257A56B-C8FB-4F1E-847E-43ED7369FE39}.Release|Any CPU.Build.0 = Release|Any CPU
		{CDCF95A3-DD90-4BF0-888A-E2296EBACB97}.Debug|Any CPU.ActiveCfg = Debug|Any CPU
		{CDCF95A3-DD90-4BF0-888A-E2296EBACB97}.Debug|Any CPU.Build.0 = Debug|Any CPU
		{CDCF95A3-DD90-4BF0-888A-E2296EBACB97}.Release|Any CPU.ActiveCfg = Release|Any CPU
		{CDCF95A3-DD90-4BF0-888A-E2296EBACB97}.Release|Any CPU.Build.0 = Release|Any CPU
		{1FF5C75F-3018-4A21-AA2E-49B0B2B7126B}.Debug|Any CPU.ActiveCfg = Debug|Any CPU
		{1FF5C75F-3018-4A21-AA2E-49B0B2B7126B}.Debug|Any CPU.Build.0 = Debug|Any CPU
		{1FF5C75F-3018-4A21-AA2E-49B0B2B7126B}.Release|Any CPU.ActiveCfg = Release|Any CPU
		{1FF5C75F-3018-4A21-AA2E-49B0B2B7126B}.Release|Any CPU.Build.0 = Release|Any CPU
	EndGlobalSection
	GlobalSection(NestedProjects) = preSolution
		{047AB90D-0A8A-4A03-9E5C-4B498EDB0793} = {0C4EC05B-5E69-40CB-BFA6-134D942EBC48}
		{7A564CF0-ADA9-40B9-AFF6-D7D0F34DFAB7} = {047AB90D-0A8A-4A03-9E5C-4B498EDB0793}
		{71DCEF1C-933F-4C57-9FC6-FC48B39B0567} = {7A564CF0-ADA9-40B9-AFF6-D7D0F34DFAB7}
		{E0192ECB-CEE0-4FFE-A8D3-67F33B2682E2} = {7A564CF0-ADA9-40B9-AFF6-D7D0F34DFAB7}
		{7F78BD50-37CE-49BF-A715-9BF6065335B5} = {7A564CF0-ADA9-40B9-AFF6-D7D0F34DFAB7}
		{AE7110BB-0502-482A-B65F-65E440EECF7F} = {7A564CF0-ADA9-40B9-AFF6-D7D0F34DFAB7}
		{CA6C337F-4D6A-4678-8367-4815BB9F1A65} = {047AB90D-0A8A-4A03-9E5C-4B498EDB0793}
		{859A1CAD-C478-495E-99A5-65DA13A0F700} = {047AB90D-0A8A-4A03-9E5C-4B498EDB0793}
		{1B9CCD13-9559-4E5C-9FAA-7275A83A056C} = {0C4EC05B-5E69-40CB-BFA6-134D942EBC48}
		{8C7AEEA4-18C8-4957-8A08-8F63ED5FD710} = {1B9CCD13-9559-4E5C-9FAA-7275A83A056C}
		{4EAF7121-E9A5-4EE7-937F-D10604CCD22C} = {0C4EC05B-5E69-40CB-BFA6-134D942EBC48}
		{2B4D46E7-77C2-43BE-B4BB-EFA6094C248B} = {4EAF7121-E9A5-4EE7-937F-D10604CCD22C}
		{5DCA78F7-A55F-483E-84DC-2F26F869DF14} = {2B4D46E7-77C2-43BE-B4BB-EFA6094C248B}
		{B741CA69-786B-4906-9E1C-C5684AF50213} = {2B4D46E7-77C2-43BE-B4BB-EFA6094C248B}
		{218969FF-2749-42B0-AC4F-BF622E4F15C6} = {2B4D46E7-77C2-43BE-B4BB-EFA6094C248B}
		{A72ADFF7-019F-47F5-A892-38692F28E142} = {2B4D46E7-77C2-43BE-B4BB-EFA6094C248B}
		{C6FB4777-42B7-438F-AF78-F9C3349057BB} = {4EAF7121-E9A5-4EE7-937F-D10604CCD22C}
		{AA1F94B3-B19B-45A7-A0DA-26BCC76FE336} = {C6FB4777-42B7-438F-AF78-F9C3349057BB}
		{4120880A-33C9-47AD-9B96-C9E4767121C5} = {C6FB4777-42B7-438F-AF78-F9C3349057BB}
		{61C7827C-BFA6-4434-93DA-8A9D626BB483} = {C6FB4777-42B7-438F-AF78-F9C3349057BB}
		{232B63F9-8813-40A2-8B7E-4BB85FA14AD6} = {C6FB4777-42B7-438F-AF78-F9C3349057BB}
		{A9C0D51D-F553-4D78-978B-B880572CA6CB} = {4EAF7121-E9A5-4EE7-937F-D10604CCD22C}
		{E48C065D-E8A3-4898-8D0F-7A112E245B7F} = {A9C0D51D-F553-4D78-978B-B880572CA6CB}
		{47B7376A-207F-459D-A393-2297C985D3D3} = {A9C0D51D-F553-4D78-978B-B880572CA6CB}
		{185152A8-BF38-461B-BDE2-03AA4915F174} = {A9C0D51D-F553-4D78-978B-B880572CA6CB}
		{E3CEA5C1-58CD-4CD6-A182-B0989F342259} = {4EAF7121-E9A5-4EE7-937F-D10604CCD22C}
		{6D5373C9-9231-467D-A7B9-FC5A7A87BF9E} = {E3CEA5C1-58CD-4CD6-A182-B0989F342259}
		{D87692F5-F94D-48B1-8C49-FEF4D23E497E} = {E3CEA5C1-58CD-4CD6-A182-B0989F342259}
		{E9422A46-F827-4882-9A9F-E791E8159A7A} = {E3CEA5C1-58CD-4CD6-A182-B0989F342259}
		{F257A56B-C8FB-4F1E-847E-43ED7369FE39} = {E3CEA5C1-58CD-4CD6-A182-B0989F342259}
		{CDCF95A3-DD90-4BF0-888A-E2296EBACB97} = {A9C0D51D-F553-4D78-978B-B880572CA6CB}
		{1FF5C75F-3018-4A21-AA2E-49B0B2B7126B} = {E3CEA5C1-58CD-4CD6-A182-B0989F342259}
	EndGlobalSection
EndGlobal
