
Microsoft Visual Studio Solution File, Format Version 12.00
# Visual Studio Version 17
VisualStudioVersion = 17.0.31903.59
MinimumVisualStudioVersion = 10.0.40219.1
Project("{2150E333-8FDC-42A3-9474-1A3956D46DE8}") = "src", "src", "{C95C0B03-72FC-4210-99AC-74EA344DA525}"
EndProject
Project("{2150E333-8FDC-42A3-9474-1A3956D46DE8}") = "BuildingBlocks", "BuildingBlocks", "{701C683E-60B0-4A42-96F5-D6A35F3063F7}"
EndProject
Project("{FAE04EC0-301F-11D3-BF4B-00C04F79EFBC}") = "EventBus", "src\BuildingBlocks\EventBus\EventBus.csproj", "{84EC4397-281B-4AE6-A65D-C7026D7ABA95}"
EndProject
Project("{FAE04EC0-301F-11D3-BF4B-00C04F79EFBC}") = "Healthchecks", "src\BuildingBlocks\Healthchecks\Healthchecks.csproj", "{9021175B-3DF5-4563-A4D4-6ADDFB8F9FEC}"
EndProject
Project("{2150E333-8FDC-42A3-9474-1A3956D46DE8}") = "Web", "Web", "{3B91A74B-ED1F-4030-83EC-A5220BC42AAC}"
EndProject
Project("{FAE04EC0-301F-11D3-BF4B-00C04F79EFBC}") = "Webstatus", "src\Web\Webstatus\Webstatus.csproj", "{DCAF9F67-04CC-4540-BDD6-3A749B7D7135}"
EndProject
Project("{2150E333-8FDC-42A3-9474-1A3956D46DE8}") = "Services", "Services", "{C08A9232-90EF-4752-AF40-BA6E83807388}"
EndProject
Project("{FAE04EC0-301F-11D3-BF4B-00C04F79EFBC}") = "FakeFetch.API", "src\Services\FakeFetch.API\FakeFetch.API.csproj", "{39B6C3AF-AC0E-4CD6-A751-CA370FE46BB0}"
EndProject
Project("{2150E333-8FDC-42A3-9474-1A3956D46DE8}") = "Fetch.API", "Fetch.API", "{E33F42B6-2773-4441-AEBA-909A34D6DACE}"
EndProject
Project("{2150E333-8FDC-42A3-9474-1A3956D46DE8}") = "src", "src", "{43BE6AD6-D73B-4236-836C-384EA6049920}"
EndProject
Project("{FAE04EC0-301F-11D3-BF4B-00C04F79EFBC}") = "Application", "src\Services\Fetch.API\src\Application\Application.csproj", "{44830F35-C6EA-4B4D-80DE-338A949F04E5}"
EndProject
Project("{FAE04EC0-301F-11D3-BF4B-00C04F79EFBC}") = "Domain", "src\Services\Fetch.API\src\Domain\Domain.csproj", "{741DB46C-C1A6-4E79-9AD4-87CB06672C41}"
EndProject
Project("{FAE04EC0-301F-11D3-BF4B-00C04F79EFBC}") = "Infrastructure", "src\Services\Fetch.API\src\Infrastructure\Infrastructure.csproj", "{AD648036-F9EE-41BC-A032-50C1BCDA5D04}"
EndProject
Project("{FAE04EC0-301F-11D3-BF4B-00C04F79EFBC}") = "Web", "src\Services\Fetch.API\src\Web\Web.csproj", "{C937E466-1901-4DCB-8008-2303279971AF}"
EndProject
Global
	GlobalSection(SolutionConfigurationPlatforms) = preSolution
		Debug|Any CPU = Debug|Any CPU
		Release|Any CPU = Release|Any CPU
	EndGlobalSection
	GlobalSection(SolutionProperties) = preSolution
		HideSolutionNode = FALSE
	EndGlobalSection
	GlobalSection(ProjectConfigurationPlatforms) = postSolution
		{84EC4397-281B-4AE6-A65D-C7026D7ABA95}.Debug|Any CPU.ActiveCfg = Debug|Any CPU
		{84EC4397-281B-4AE6-A65D-C7026D7ABA95}.Debug|Any CPU.Build.0 = Debug|Any CPU
		{84EC4397-281B-4AE6-A65D-C7026D7ABA95}.Release|Any CPU.ActiveCfg = Release|Any CPU
		{84EC4397-281B-4AE6-A65D-C7026D7ABA95}.Release|Any CPU.Build.0 = Release|Any CPU
		{9021175B-3DF5-4563-A4D4-6ADDFB8F9FEC}.Debug|Any CPU.ActiveCfg = Debug|Any CPU
		{9021175B-3DF5-4563-A4D4-6ADDFB8F9FEC}.Debug|Any CPU.Build.0 = Debug|Any CPU
		{9021175B-3DF5-4563-A4D4-6ADDFB8F9FEC}.Release|Any CPU.ActiveCfg = Release|Any CPU
		{9021175B-3DF5-4563-A4D4-6ADDFB8F9FEC}.Release|Any CPU.Build.0 = Release|Any CPU
		{DCAF9F67-04CC-4540-BDD6-3A749B7D7135}.Debug|Any CPU.ActiveCfg = Debug|Any CPU
		{DCAF9F67-04CC-4540-BDD6-3A749B7D7135}.Debug|Any CPU.Build.0 = Debug|Any CPU
		{DCAF9F67-04CC-4540-BDD6-3A749B7D7135}.Release|Any CPU.ActiveCfg = Release|Any CPU
		{DCAF9F67-04CC-4540-BDD6-3A749B7D7135}.Release|Any CPU.Build.0 = Release|Any CPU
		{39B6C3AF-AC0E-4CD6-A751-CA370FE46BB0}.Debug|Any CPU.ActiveCfg = Debug|Any CPU
		{39B6C3AF-AC0E-4CD6-A751-CA370FE46BB0}.Debug|Any CPU.Build.0 = Debug|Any CPU
		{39B6C3AF-AC0E-4CD6-A751-CA370FE46BB0}.Release|Any CPU.ActiveCfg = Release|Any CPU
		{39B6C3AF-AC0E-4CD6-A751-CA370FE46BB0}.Release|Any CPU.Build.0 = Release|Any CPU
		{44830F35-C6EA-4B4D-80DE-338A949F04E5}.Debug|Any CPU.ActiveCfg = Debug|Any CPU
		{44830F35-C6EA-4B4D-80DE-338A949F04E5}.Debug|Any CPU.Build.0 = Debug|Any CPU
		{44830F35-C6EA-4B4D-80DE-338A949F04E5}.Release|Any CPU.ActiveCfg = Release|Any CPU
		{44830F35-C6EA-4B4D-80DE-338A949F04E5}.Release|Any CPU.Build.0 = Release|Any CPU
		{741DB46C-C1A6-4E79-9AD4-87CB06672C41}.Debug|Any CPU.ActiveCfg = Debug|Any CPU
		{741DB46C-C1A6-4E79-9AD4-87CB06672C41}.Debug|Any CPU.Build.0 = Debug|Any CPU
		{741DB46C-C1A6-4E79-9AD4-87CB06672C41}.Release|Any CPU.ActiveCfg = Release|Any CPU
		{741DB46C-C1A6-4E79-9AD4-87CB06672C41}.Release|Any CPU.Build.0 = Release|Any CPU
		{AD648036-F9EE-41BC-A032-50C1BCDA5D04}.Debug|Any CPU.ActiveCfg = Debug|Any CPU
		{AD648036-F9EE-41BC-A032-50C1BCDA5D04}.Debug|Any CPU.Build.0 = Debug|Any CPU
		{AD648036-F9EE-41BC-A032-50C1BCDA5D04}.Release|Any CPU.ActiveCfg = Release|Any CPU
		{AD648036-F9EE-41BC-A032-50C1BCDA5D04}.Release|Any CPU.Build.0 = Release|Any CPU
		{C937E466-1901-4DCB-8008-2303279971AF}.Debug|Any CPU.ActiveCfg = Debug|Any CPU
		{C937E466-1901-4DCB-8008-2303279971AF}.Debug|Any CPU.Build.0 = Debug|Any CPU
		{C937E466-1901-4DCB-8008-2303279971AF}.Release|Any CPU.ActiveCfg = Release|Any CPU
		{C937E466-1901-4DCB-8008-2303279971AF}.Release|Any CPU.Build.0 = Release|Any CPU
	EndGlobalSection
	GlobalSection(NestedProjects) = preSolution
		{701C683E-60B0-4A42-96F5-D6A35F3063F7} = {C95C0B03-72FC-4210-99AC-74EA344DA525}
		{84EC4397-281B-4AE6-A65D-C7026D7ABA95} = {701C683E-60B0-4A42-96F5-D6A35F3063F7}
		{9021175B-3DF5-4563-A4D4-6ADDFB8F9FEC} = {701C683E-60B0-4A42-96F5-D6A35F3063F7}
		{3B91A74B-ED1F-4030-83EC-A5220BC42AAC} = {C95C0B03-72FC-4210-99AC-74EA344DA525}
		{DCAF9F67-04CC-4540-BDD6-3A749B7D7135} = {3B91A74B-ED1F-4030-83EC-A5220BC42AAC}
		{C08A9232-90EF-4752-AF40-BA6E83807388} = {C95C0B03-72FC-4210-99AC-74EA344DA525}
		{39B6C3AF-AC0E-4CD6-A751-CA370FE46BB0} = {C08A9232-90EF-4752-AF40-BA6E83807388}
		{E33F42B6-2773-4441-AEBA-909A34D6DACE} = {C08A9232-90EF-4752-AF40-BA6E83807388}
		{43BE6AD6-D73B-4236-836C-384EA6049920} = {E33F42B6-2773-4441-AEBA-909A34D6DACE}
		{44830F35-C6EA-4B4D-80DE-338A949F04E5} = {43BE6AD6-D73B-4236-836C-384EA6049920}
		{741DB46C-C1A6-4E79-9AD4-87CB06672C41} = {43BE6AD6-D73B-4236-836C-384EA6049920}
		{AD648036-F9EE-41BC-A032-50C1BCDA5D04} = {43BE6AD6-D73B-4236-836C-384EA6049920}
		{C937E466-1901-4DCB-8008-2303279971AF} = {43BE6AD6-D73B-4236-836C-384EA6049920}
	EndGlobalSection
EndGlobal
