
Microsoft Visual Studio Solution File, Format Version 12.00
# Visual Studio Version 17
VisualStudioVersion = 17.5.002.0
MinimumVisualStudioVersion = 10.0.40219.1
Project("{9A19103F-16F7-4668-BE54-9A1E7A4F7556}") = "Send.API", "Send.API\Send.API.csproj", "{F310BDF4-DAA2-4736-8584-5F38890CD042}"
EndProject
Project("{9A19103F-16F7-4668-BE54-9A1E7A4F7556}") = "Send.Application", "Send.Application\Send.Application.csproj", "{0CC5D9F8-919F-479A-BE9A-C806C61FB672}"
EndProject
Project("{9A19103F-16F7-4668-BE54-9A1E7A4F7556}") = "Send.Domain", "Send.Domain\Send.Domain.csproj", "{3DD5F797-5A8C-4F3E-B5A2-B22E4737E884}"
EndProject
Project("{FAE04EC0-301F-11D3-BF4B-00C04F79EFBC}") = "Send.Infrastructure", "Send.Infrastructure\Send.Infrastructure.csproj", "{FAC4AC4E-02D3-4AA8-AB4A-DE6F1A10227A}"
EndProject
Project("{FAE04EC0-301F-11D3-BF4B-00C04F79EFBC}") = "tests", "tests\tests.csproj", "{4F21625E-D9E8-4781-BBD5-94F002857CA1}"
EndProject
Global
	GlobalSection(SolutionConfigurationPlatforms) = preSolution
		Debug|Any CPU = Debug|Any CPU
		Release|Any CPU = Release|Any CPU
	EndGlobalSection
	GlobalSection(ProjectConfigurationPlatforms) = postSolution
		{F310BDF4-DAA2-4736-8584-5F38890CD042}.Debug|Any CPU.ActiveCfg = Debug|Any CPU
		{F310BDF4-DAA2-4736-8584-5F38890CD042}.Debug|Any CPU.Build.0 = Debug|Any CPU
		{F310BDF4-DAA2-4736-8584-5F38890CD042}.Release|Any CPU.ActiveCfg = Release|Any CPU
		{F310BDF4-DAA2-4736-8584-5F38890CD042}.Release|Any CPU.Build.0 = Release|Any CPU
		{0CC5D9F8-919F-479A-BE9A-C806C61FB672}.Debug|Any CPU.ActiveCfg = Debug|Any CPU
		{0CC5D9F8-919F-479A-BE9A-C806C61FB672}.Debug|Any CPU.Build.0 = Debug|Any CPU
		{0CC5D9F8-919F-479A-BE9A-C806C61FB672}.Release|Any CPU.ActiveCfg = Release|Any CPU
		{0CC5D9F8-919F-479A-BE9A-C806C61FB672}.Release|Any CPU.Build.0 = Release|Any CPU
		{3DD5F797-5A8C-4F3E-B5A2-B22E4737E884}.Debug|Any CPU.ActiveCfg = Debug|Any CPU
		{3DD5F797-5A8C-4F3E-B5A2-B22E4737E884}.Debug|Any CPU.Build.0 = Debug|Any CPU
		{3DD5F797-5A8C-4F3E-B5A2-B22E4737E884}.Release|Any CPU.ActiveCfg = Release|Any CPU
		{3DD5F797-5A8C-4F3E-B5A2-B22E4737E884}.Release|Any CPU.Build.0 = Release|Any CPU
		{FAC4AC4E-02D3-4AA8-AB4A-DE6F1A10227A}.Debug|Any CPU.ActiveCfg = Debug|Any CPU
		{FAC4AC4E-02D3-4AA8-AB4A-DE6F1A10227A}.Debug|Any CPU.Build.0 = Debug|Any CPU
		{FAC4AC4E-02D3-4AA8-AB4A-DE6F1A10227A}.Release|Any CPU.ActiveCfg = Release|Any CPU
		{FAC4AC4E-02D3-4AA8-AB4A-DE6F1A10227A}.Release|Any CPU.Build.0 = Release|Any CPU
		{4F21625E-D9E8-4781-BBD5-94F002857CA1}.Debug|Any CPU.ActiveCfg = Debug|Any CPU
		{4F21625E-D9E8-4781-BBD5-94F002857CA1}.Debug|Any CPU.Build.0 = Debug|Any CPU
		{4F21625E-D9E8-4781-BBD5-94F002857CA1}.Release|Any CPU.ActiveCfg = Release|Any CPU
		{4F21625E-D9E8-4781-BBD5-94F002857CA1}.Release|Any CPU.Build.0 = Release|Any CPU
	EndGlobalSection
	GlobalSection(SolutionProperties) = preSolution
		HideSolutionNode = FALSE
	EndGlobalSection
	GlobalSection(ExtensibilityGlobals) = postSolution
		SolutionGuid = {91664343-F60B-414D-B50F-CEDD8370CF4E}
	EndGlobalSection
EndGlobal
