
Microsoft Visual Studio Solution File, Format Version 12.00
# Visual Studio Version 17
VisualStudioVersion = 17.5.002.0
MinimumVisualStudioVersion = 10.0.40219.1
Project("{9A19103F-16F7-4668-BE54-9A1E7A4F7556}") = "XmlWebApp", "XmlWebApp.csproj", "{AF9C2803-E591-4B97-9717-EE2FE56383D1}"
EndProject
Global
	GlobalSection(SolutionConfigurationPlatforms) = preSolution
		Debug|Any CPU = Debug|Any CPU
		Release|Any CPU = Release|Any CPU
	EndGlobalSection
	GlobalSection(ProjectConfigurationPlatforms) = postSolution
		{AF9C2803-E591-4B97-9717-EE2FE56383D1}.Debug|Any CPU.ActiveCfg = Debug|Any CPU
		{AF9C2803-E591-4B97-9717-EE2FE56383D1}.Debug|Any CPU.Build.0 = Debug|Any CPU
		{AF9C2803-E591-4B97-9717-EE2FE56383D1}.Release|Any CPU.ActiveCfg = Release|Any CPU
		{AF9C2803-E591-4B97-9717-EE2FE56383D1}.Release|Any CPU.Build.0 = Release|Any CPU
	EndGlobalSection
	GlobalSection(SolutionProperties) = preSolution
		HideSolutionNode = FALSE
	EndGlobalSection
	GlobalSection(ExtensibilityGlobals) = postSolution
		SolutionGuid = {716C44D0-2E07-4C2B-9BB1-9B8857F240E4}
	EndGlobalSection
EndGlobal
