
Microsoft Visual Studio Solution File, Format Version 12.00
# Visual Studio Version 17
VisualStudioVersion = 17.5.002.0
MinimumVisualStudioVersion = 10.0.40219.1
Project("{9A19103F-16F7-4668-BE54-9A1E7A4F7556}") = "Process.API", "Process.API\Process.API.csproj", "{FEA27D7B-A009-427E-8EBC-AD8B07C43E62}"
EndProject
Project("{9A19103F-16F7-4668-BE54-9A1E7A4F7556}") = "Process.Application", "Process.Application\Process.Application.csproj", "{261216E1-0FAB-476A-962B-03F089A1B404}"
EndProject
Project("{9A19103F-16F7-4668-BE54-9A1E7A4F7556}") = "Process.Domain", "Process.Domain\Process.Domain.csproj", "{03FBBA3D-4406-4152-BE73-9E540E6DEC73}"
EndProject
Global
	GlobalSection(SolutionConfigurationPlatforms) = preSolution
		Debug|Any CPU = Debug|Any CPU
		Release|Any CPU = Release|Any CPU
	EndGlobalSection
	GlobalSection(ProjectConfigurationPlatforms) = postSolution
		{FEA27D7B-A009-427E-8EBC-AD8B07C43E62}.Debug|Any CPU.ActiveCfg = Debug|Any CPU
		{FEA27D7B-A009-427E-8EBC-AD8B07C43E62}.Debug|Any CPU.Build.0 = Debug|Any CPU
		{FEA27D7B-A009-427E-8EBC-AD8B07C43E62}.Release|Any CPU.ActiveCfg = Release|Any CPU
		{FEA27D7B-A009-427E-8EBC-AD8B07C43E62}.Release|Any CPU.Build.0 = Release|Any CPU
		{261216E1-0FAB-476A-962B-03F089A1B404}.Debug|Any CPU.ActiveCfg = Debug|Any CPU
		{261216E1-0FAB-476A-962B-03F089A1B404}.Debug|Any CPU.Build.0 = Debug|Any CPU
		{261216E1-0FAB-476A-962B-03F089A1B404}.Release|Any CPU.ActiveCfg = Release|Any CPU
		{261216E1-0FAB-476A-962B-03F089A1B404}.Release|Any CPU.Build.0 = Release|Any CPU
		{03FBBA3D-4406-4152-BE73-9E540E6DEC73}.Debug|Any CPU.ActiveCfg = Debug|Any CPU
		{03FBBA3D-4406-4152-BE73-9E540E6DEC73}.Debug|Any CPU.Build.0 = Debug|Any CPU
		{03FBBA3D-4406-4152-BE73-9E540E6DEC73}.Release|Any CPU.ActiveCfg = Release|Any CPU
		{03FBBA3D-4406-4152-BE73-9E540E6DEC73}.Release|Any CPU.Build.0 = Release|Any CPU
	EndGlobalSection
	GlobalSection(SolutionProperties) = preSolution
		HideSolutionNode = FALSE
	EndGlobalSection
	GlobalSection(ExtensibilityGlobals) = postSolution
		SolutionGuid = {7ADB04A7-BB10-439A-99FC-10E9F55D7123}
	EndGlobalSection
EndGlobal
